
Microsoft Visual Studio Solution File, Format Version 12.00
# Visual Studio Version 17
VisualStudioVersion = 17.11.35303.130
MinimumVisualStudioVersion = 10.0.40219.1
Project("{FAE04EC0-301F-11D3-BF4B-00C04F79EFBC}") = "CustomItems", "CustomItems\CustomItems.csproj", "{AD648A80-FC52-42C8-81EF-28B100233DD7}"
EndProject
Global
	GlobalSection(SolutionConfigurationPlatforms) = preSolution
		Debug|Any CPU = Debug|Any CPU
		Release|Any CPU = Release|Any CPU
	EndGlobalSection
	GlobalSection(ProjectConfigurationPlatforms) = postSolution
		{AD648A80-FC52-42C8-81EF-28B100233DD7}.Debug|Any CPU.ActiveCfg = Debug|Any CPU
		{AD648A80-FC52-42C8-81EF-28B100233DD7}.Debug|Any CPU.Build.0 = Debug|Any CPU
		{AD648A80-FC52-42C8-81EF-28B100233DD7}.Release|Any CPU.ActiveCfg = Release|Any CPU
		{AD648A80-FC52-42C8-81EF-28B100233DD7}.Release|Any CPU.Build.0 = Release|Any CPU
	EndGlobalSection
	GlobalSection(SolutionProperties) = preSolution
		HideSolutionNode = FALSE
	EndGlobalSection
	GlobalSection(ExtensibilityGlobals) = postSolution
		SolutionGuid = {C3EA7314-17C7-47EA-935C-6D07271B3403}
	EndGlobalSection
EndGlobal
